// !$*UTF8*$!
{
	archiveVersion = 1;
	classes = {
	};
	objectVersion = 46;
	objects = {

/* Begin PBXBuildFile section */
		9F5AD61D1D99B784004BB23A /* main.cpp in Sources */ = {isa = PBXBuildFile; fileRef = 9F5AD61C1D99B784004BB23A /* main.cpp */; };
		9F5AD62C1D99D9C4004BB23A /* Process.cpp in Sources */ = {isa = PBXBuildFile; fileRef = 9F5AD62A1D99D9C4004BB23A /* Process.cpp */; };
		9F5AD62F1D99E16A004BB23A /* Event.cpp in Sources */ = {isa = PBXBuildFile; fileRef = 9F5AD62D1D99E16A004BB23A /* Event.cpp */; };
		9F5AD6321D99E1ED004BB23A /* Algo.cpp in Sources */ = {isa = PBXBuildFile; fileRef = 9F5AD6301D99E1ED004BB23A /* Algo.cpp */; };
/* End PBXBuildFile section */

/* Begin PBXCopyFilesBuildPhase section */
		9F5AD6171D99B784004BB23A /* CopyFiles */ = {
			isa = PBXCopyFilesBuildPhase;
			buildActionMask = 2147483647;
			dstPath = /usr/share/man/man1/;
			dstSubfolderSpec = 0;
			files = (
			);
			runOnlyForDeploymentPostprocessing = 1;
		};
/* End PBXCopyFilesBuildPhase section */

/* Begin PBXFileReference section */
		9F5AD6191D99B784004BB23A /* Project1 */ = {isa = PBXFileReference; explicitFileType = "compiled.mach-o.executable"; includeInIndex = 0; path = Project1; sourceTree = BUILT_PRODUCTS_DIR; };
		9F5AD61C1D99B784004BB23A /* main.cpp */ = {isa = PBXFileReference; lastKnownFileType = sourcecode.cpp.cpp; path = main.cpp; sourceTree = "<group>"; };
		9F5AD62A1D99D9C4004BB23A /* Process.cpp */ = {isa = PBXFileReference; fileEncoding = 4; lastKnownFileType = sourcecode.cpp.cpp; path = Process.cpp; sourceTree = "<group>"; };
		9F5AD62B1D99D9C4004BB23A /* Process.hpp */ = {isa = PBXFileReference; fileEncoding = 4; lastKnownFileType = sourcecode.cpp.h; path = Process.hpp; sourceTree = "<group>"; };
		9F5AD62D1D99E16A004BB23A /* Event.cpp */ = {isa = PBXFileReference; fileEncoding = 4; lastKnownFileType = sourcecode.cpp.cpp; path = Event.cpp; sourceTree = "<group>"; };
		9F5AD62E1D99E16A004BB23A /* Event.hpp */ = {isa = PBXFileReference; fileEncoding = 4; lastKnownFileType = sourcecode.cpp.h; path = Event.hpp; sourceTree = "<group>"; };
		9F5AD6301D99E1ED004BB23A /* Algo.cpp */ = {isa = PBXFileReference; fileEncoding = 4; lastKnownFileType = sourcecode.cpp.cpp; path = Algo.cpp; sourceTree = "<group>"; };
		9F5AD6311D99E1ED004BB23A /* Algo.hpp */ = {isa = PBXFileReference; fileEncoding = 4; lastKnownFileType = sourcecode.cpp.h; path = Algo.hpp; sourceTree = "<group>"; };
/* End PBXFileReference section */

/* Begin PBXFrameworksBuildPhase section */
		9F5AD6161D99B784004BB23A /* Frameworks */ = {
			isa = PBXFrameworksBuildPhase;
			buildActionMask = 2147483647;
			files = (
			);
			runOnlyForDeploymentPostprocessing = 0;
		};
/* End PBXFrameworksBuildPhase section */

/* Begin PBXGroup section */
		9F5AD6101D99B784004BB23A = {
			isa = PBXGroup;
			children = (
				9F5AD61B1D99B784004BB23A /* Project1 */,
				9F5AD61A1D99B784004BB23A /* Products */,
			);
			sourceTree = "<group>";
		};
		9F5AD61A1D99B784004BB23A /* Products */ = {
			isa = PBXGroup;
			children = (
				9F5AD6191D99B784004BB23A /* Project1 */,
			);
			name = Products;
			sourceTree = "<group>";
		};
		9F5AD61B1D99B784004BB23A /* Project1 */ = {
			isa = PBXGroup;
			children = (
				9F5AD61C1D99B784004BB23A /* main.cpp */,
				9F5AD62A1D99D9C4004BB23A /* Process.cpp */,
				9F5AD62B1D99D9C4004BB23A /* Process.hpp */,
				9F5AD62D1D99E16A004BB23A /* Event.cpp */,
				9F5AD62E1D99E16A004BB23A /* Event.hpp */,
				9F5AD6301D99E1ED004BB23A /* Algo.cpp */,
				9F5AD6311D99E1ED004BB23A /* Algo.hpp */,
			);
			path = Project1;
			sourceTree = "<group>";
		};
/* End PBXGroup section */

/* Begin PBXNativeTarget section */
		9F5AD6181D99B784004BB23A /* Project1 */ = {
			isa = PBXNativeTarget;
			buildConfigurationList = 9F5AD6201D99B784004BB23A /* Build configuration list for PBXNativeTarget "Project1" */;
			buildPhases = (
				9F5AD6151D99B784004BB23A /* Sources */,
				9F5AD6161D99B784004BB23A /* Frameworks */,
				9F5AD6171D99B784004BB23A /* CopyFiles */,
			);
			buildRules = (
			);
			dependencies = (
			);
			name = Project1;
			productName = Project1;
			productReference = 9F5AD6191D99B784004BB23A /* Project1 */;
			productType = "com.apple.product-type.tool";
		};
/* End PBXNativeTarget section */

/* Begin PBXProject section */
		9F5AD6111D99B784004BB23A /* Project object */ = {
			isa = PBXProject;
			attributes = {
				LastUpgradeCheck = 0720;
				ORGANIZATIONNAME = "Zac Wimer";
				TargetAttributes = {
					9F5AD6181D99B784004BB23A = {
						CreatedOnToolsVersion = 7.2.1;
					};
				};
			};
			buildConfigurationList = 9F5AD6141D99B784004BB23A /* Build configuration list for PBXProject "Project1" */;
			compatibilityVersion = "Xcode 3.2";
			developmentRegion = English;
			hasScannedForEncodings = 0;
			knownRegions = (
				en,
			);
			mainGroup = 9F5AD6101D99B784004BB23A;
			productRefGroup = 9F5AD61A1D99B784004BB23A /* Products */;
			projectDirPath = "";
			projectRoot = "";
			targets = (
				9F5AD6181D99B784004BB23A /* Project1 */,
			);
		};
/* End PBXProject section */

/* Begin PBXSourcesBuildPhase section */
		9F5AD6151D99B784004BB23A /* Sources */ = {
			isa = PBXSourcesBuildPhase;
			buildActionMask = 2147483647;
			files = (
				9F5AD6321D99E1ED004BB23A /* Algo.cpp in Sources */,
				9F5AD62F1D99E16A004BB23A /* Event.cpp in Sources */,
				9F5AD61D1D99B784004BB23A /* main.cpp in Sources */,
				9F5AD62C1D99D9C4004BB23A /* Process.cpp in Sources */,
			);
			runOnlyForDeploymentPostprocessing = 0;
		};
/* End PBXSourcesBuildPhase section */

/* Begin XCBuildConfiguration section */
		9F5AD61E1D99B784004BB23A /* Debug */ = {
			isa = XCBuildConfiguration;
			buildSettings = {
				ALWAYS_SEARCH_USER_PATHS = NO;
				CLANG_CXX_LANGUAGE_STANDARD = "gnu++0x";
				CLANG_CXX_LIBRARY = "libc++";
				CLANG_ENABLE_MODULES = YES;
				CLANG_ENABLE_OBJC_ARC = YES;
				CLANG_WARN_BOOL_CONVERSION = YES;
				CLANG_WARN_CONSTANT_CONVERSION = YES;
				CLANG_WARN_DIRECT_OBJC_ISA_USAGE = YES_ERROR;
				CLANG_WARN_EMPTY_BODY = YES;
				CLANG_WARN_ENUM_CONVERSION = YES;
				CLANG_WARN_INT_CONVERSION = YES;
				CLANG_WARN_OBJC_ROOT_CLASS = YES_ERROR;
				CLANG_WARN_UNREACHABLE_CODE = YES;
				CLANG_WARN__DUPLICATE_METHOD_MATCH = YES;
				CODE_SIGN_IDENTITY = "-";
				COPY_PHASE_STRIP = NO;
				DEBUG_INFORMATION_FORMAT = dwarf;
				ENABLE_STRICT_OBJC_MSGSEND = YES;
				ENABLE_TESTABILITY = YES;
				GCC_C_LANGUAGE_STANDARD = gnu99;
				GCC_DYNAMIC_NO_PIC = NO;
				GCC_NO_COMMON_BLOCKS = YES;
				GCC_OPTIMIZATION_LEVEL = 0;
				GCC_PREPROCESSOR_DEFINITIONS = (
					"DEBUG=1",
					"$(inherited)",
				);
				GCC_WARN_64_TO_32_BIT_CONVERSION = YES;
				GCC_WARN_ABOUT_RETURN_TYPE = YES_ERROR;
				GCC_WARN_UNDECLARED_SELECTOR = YES;
				GCC_WARN_UNINITIALIZED_AUTOS = YES_AGGRESSIVE;
				GCC_WARN_UNUSED_FUNCTION = YES;
				GCC_WARN_UNUSED_VARIABLE = YES;
				MACOSX_DEPLOYMENT_TARGET = 10.10;
				MTL_ENABLE_DEBUG_INFO = YES;
				ONLY_ACTIVE_ARCH = YES;
				SDKROOT = macosx;
			};
			name = Debug;
		};
		9F5AD61F1D99B784004BB23A /* Release */ = {
			isa = XCBuildConfiguration;
			buildSettings = {
				ALWAYS_SEARCH_USER_PATHS = NO;
				CLANG_CXX_LANGUAGE_STANDARD = "gnu++0x";
				CLANG_CXX_LIBRARY = "libc++";
				CLANG_ENABLE_MODULES = YES;
				CLANG_ENABLE_OBJC_ARC = YES;
				CLANG_WARN_BOOL_CONVERSION = YES;
				CLANG_WARN_CONSTANT_CONVERSION = YES;
				CLANG_WARN_DIRECT_OBJC_ISA_USAGE = YES_ERROR;
				CLANG_WARN_EMPTY_BODY = YES;
				CLANG_WARN_ENUM_CONVERSION = YES;
				CLANG_WARN_INT_CONVERSION = YES;
				CLANG_WARN_OBJC_ROOT_CLASS = YES_ERROR;
				CLANG_WARN_UNREACHABLE_CODE = YES;
				CLANG_WARN__DUPLICATE_METHOD_MATCH = YES;
				CODE_SIGN_IDENTITY = "-";
				COPY_PHASE_STRIP = NO;
				DEBUG_INFORMATION_FORMAT = "dwarf-with-dsym";
				ENABLE_NS_ASSERTIONS = NO;
				ENABLE_STRICT_OBJC_MSGSEND = YES;
				GCC_C_LANGUAGE_STANDARD = gnu99;
				GCC_NO_COMMON_BLOCKS = YES;
				GCC_WARN_64_TO_32_BIT_CONVERSION = YES;
				GCC_WARN_ABOUT_RETURN_TYPE = YES_ERROR;
				GCC_WARN_UNDECLARED_SELECTOR = YES;
				GCC_WARN_UNINITIALIZED_AUTOS = YES_AGGRESSIVE;
				GCC_WARN_UNUSED_FUNCTION = YES;
				GCC_WARN_UNUSED_VARIABLE = YES;
				MACOSX_DEPLOYMENT_TARGET = 10.10;
				MTL_ENABLE_DEBUG_INFO = NO;
				SDKROOT = macosx;
			};
			name = Release;
		};
		9F5AD6211D99B784004BB23A /* Debug */ = {
			isa = XCBuildConfiguration;
			buildSettings = {
				PRODUCT_NAME = "$(TARGET_NAME)";
			};
			name = Debug;
		};
		9F5AD6221D99B784004BB23A /* Release */ = {
			isa = XCBuildConfiguration;
			buildSettings = {
				PRODUCT_NAME = "$(TARGET_NAME)";
			};
			name = Release;
		};
/* End XCBuildConfiguration section */

/* Begin XCConfigurationList section */
		9F5AD6141D99B784004BB23A /* Build configuration list for PBXProject "Project1" */ = {
			isa = XCConfigurationList;
			buildConfigurations = (
				9F5AD61E1D99B784004BB23A /* Debug */,
				9F5AD61F1D99B784004BB23A /* Release */,
			);
			defaultConfigurationIsVisible = 0;
			defaultConfigurationName = Release;
		};
		9F5AD6201D99B784004BB23A /* Build configuration list for PBXNativeTarget "Project1" */ = {
			isa = XCConfigurationList;
			buildConfigurations = (
				9F5AD6211D99B784004BB23A /* Debug */,
				9F5AD6221D99B784004BB23A /* Release */,
			);
			defaultConfigurationIsVisible = 0;
			defaultConfigurationName = Release;
		};
/* End XCConfigurationList section */
	};
	rootObject = 9F5AD6111D99B784004BB23A /* Project object */;
}
